
Microsoft Visual Studio Solution File, Format Version 12.00
# Visual Studio 15
VisualStudioVersion = 15.0.28307.960
MinimumVisualStudioVersion = 10.0.40219.1
Project("{FAE04EC0-301F-11D3-BF4B-00C04F79EFBC}") = "ELearningPortal", "ELearningPortal.csproj", "{99DE1AE3-44BC-4459-A57F-2F5B5E735322}"
EndProject
Global
	GlobalSection(SolutionConfigurationPlatforms) = preSolution
		Debug|Any CPU = Debug|Any CPU
		Release|Any CPU = Release|Any CPU
	EndGlobalSection
	GlobalSection(ProjectConfigurationPlatforms) = postSolution
		{99DE1AE3-44BC-4459-A57F-2F5B5E735322}.Debug|Any CPU.ActiveCfg = Debug|Any CPU
		{99DE1AE3-44BC-4459-A57F-2F5B5E735322}.Debug|Any CPU.Build.0 = Debug|Any CPU
		{99DE1AE3-44BC-4459-A57F-2F5B5E735322}.Release|Any CPU.ActiveCfg = Release|Any CPU
		{99DE1AE3-44BC-4459-A57F-2F5B5E735322}.Release|Any CPU.Build.0 = Release|Any CPU
	EndGlobalSection
	GlobalSection(SolutionProperties) = preSolution
		HideSolutionNode = FALSE
	EndGlobalSection
	GlobalSection(ExtensibilityGlobals) = postSolution
		SolutionGuid = {142BEB33-C51A-4058-B191-34B328BC7E39}
	EndGlobalSection
EndGlobal
